// !$*UTF8*$!
{
	archiveVersion = 1;
	classes = {
	};
	objectVersion = 50;
	objects = {

/* Begin PBXBuildFile section */
		B333048D254F4DA500D310C1 /* AppDelegate.swift in Sources */ = {isa = PBXBuildFile; fileRef = B333048C254F4DA500D310C1 /* AppDelegate.swift */; };
		B333048F254F4DA500D310C1 /* SceneDelegate.swift in Sources */ = {isa = PBXBuildFile; fileRef = B333048E254F4DA500D310C1 /* SceneDelegate.swift */; };
		B3330491254F4DA500D310C1 /* EventTypeView.swift in Sources */ = {isa = PBXBuildFile; fileRef = B3330490254F4DA500D310C1 /* EventTypeView.swift */; };
		B3330493254F4DA800D310C1 /* Assets.xcassets in Resources */ = {isa = PBXBuildFile; fileRef = B3330492254F4DA800D310C1 /* Assets.xcassets */; };
		B3330496254F4DA800D310C1 /* Preview Assets.xcassets in Resources */ = {isa = PBXBuildFile; fileRef = B3330495254F4DA800D310C1 /* Preview Assets.xcassets */; };
		B3330499254F4DA800D310C1 /* LaunchScreen.storyboard in Resources */ = {isa = PBXBuildFile; fileRef = B3330497254F4DA800D310C1 /* LaunchScreen.storyboard */; };
		B33304A4254F4DA800D310C1 /* iSwearTests.swift in Sources */ = {isa = PBXBuildFile; fileRef = B33304A3254F4DA800D310C1 /* iSwearTests.swift */; };
		B33304AF254F4DA800D310C1 /* iSwearUITests.swift in Sources */ = {isa = PBXBuildFile; fileRef = B33304AE254F4DA800D310C1 /* iSwearUITests.swift */; };
		B33304BD254F5D9C00D310C1 /* NewEventView.swift in Sources */ = {isa = PBXBuildFile; fileRef = B33304BC254F5D9C00D310C1 /* NewEventView.swift */; };
		B33304C0254F8B5A00D310C1 /* EventTabView.swift in Sources */ = {isa = PBXBuildFile; fileRef = B33304BF254F8B5A00D310C1 /* EventTabView.swift */; };
		B35CC3472561A50E000FC9F2 /* Event.swift in Sources */ = {isa = PBXBuildFile; fileRef = B35CC3462561A50D000FC9F2 /* Event.swift */; };
/* End PBXBuildFile section */

/* Begin PBXContainerItemProxy section */
		B33304A0254F4DA800D310C1 /* PBXContainerItemProxy */ = {
			isa = PBXContainerItemProxy;
			containerPortal = B3330481254F4DA500D310C1 /* Project object */;
			proxyType = 1;
			remoteGlobalIDString = B3330488254F4DA500D310C1;
			remoteInfo = iSwear;
		};
		B33304AB254F4DA800D310C1 /* PBXContainerItemProxy */ = {
			isa = PBXContainerItemProxy;
			containerPortal = B3330481254F4DA500D310C1 /* Project object */;
			proxyType = 1;
			remoteGlobalIDString = B3330488254F4DA500D310C1;
			remoteInfo = iSwear;
		};
/* End PBXContainerItemProxy section */

/* Begin PBXFileReference section */
		B3330489254F4DA500D310C1 /* iSwear.app */ = {isa = PBXFileReference; explicitFileType = wrapper.application; includeInIndex = 0; path = iSwear.app; sourceTree = BUILT_PRODUCTS_DIR; };
		B333048C254F4DA500D310C1 /* AppDelegate.swift */ = {isa = PBXFileReference; lastKnownFileType = sourcecode.swift; path = AppDelegate.swift; sourceTree = "<group>"; };
		B333048E254F4DA500D310C1 /* SceneDelegate.swift */ = {isa = PBXFileReference; lastKnownFileType = sourcecode.swift; path = SceneDelegate.swift; sourceTree = "<group>"; };
		B3330490254F4DA500D310C1 /* EventTypeView.swift */ = {isa = PBXFileReference; lastKnownFileType = sourcecode.swift; path = EventTypeView.swift; sourceTree = "<group>"; };
		B3330492254F4DA800D310C1 /* Assets.xcassets */ = {isa = PBXFileReference; lastKnownFileType = folder.assetcatalog; path = Assets.xcassets; sourceTree = "<group>"; };
		B3330495254F4DA800D310C1 /* Preview Assets.xcassets */ = {isa = PBXFileReference; lastKnownFileType = folder.assetcatalog; path = "Preview Assets.xcassets"; sourceTree = "<group>"; };
		B3330498254F4DA800D310C1 /* Base */ = {isa = PBXFileReference; lastKnownFileType = file.storyboard; name = Base; path = Base.lproj/LaunchScreen.storyboard; sourceTree = "<group>"; };
		B333049A254F4DA800D310C1 /* Info.plist */ = {isa = PBXFileReference; lastKnownFileType = text.plist.xml; path = Info.plist; sourceTree = "<group>"; };
		B333049F254F4DA800D310C1 /* iSwearTests.xctest */ = {isa = PBXFileReference; explicitFileType = wrapper.cfbundle; includeInIndex = 0; path = iSwearTests.xctest; sourceTree = BUILT_PRODUCTS_DIR; };
		B33304A3254F4DA800D310C1 /* iSwearTests.swift */ = {isa = PBXFileReference; lastKnownFileType = sourcecode.swift; path = iSwearTests.swift; sourceTree = "<group>"; };
		B33304A5254F4DA800D310C1 /* Info.plist */ = {isa = PBXFileReference; lastKnownFileType = text.plist.xml; path = Info.plist; sourceTree = "<group>"; };
		B33304AA254F4DA800D310C1 /* iSwearUITests.xctest */ = {isa = PBXFileReference; explicitFileType = wrapper.cfbundle; includeInIndex = 0; path = iSwearUITests.xctest; sourceTree = BUILT_PRODUCTS_DIR; };
		B33304AE254F4DA800D310C1 /* iSwearUITests.swift */ = {isa = PBXFileReference; lastKnownFileType = sourcecode.swift; path = iSwearUITests.swift; sourceTree = "<group>"; };
		B33304B0254F4DA800D310C1 /* Info.plist */ = {isa = PBXFileReference; lastKnownFileType = text.plist.xml; path = Info.plist; sourceTree = "<group>"; };
		B33304BC254F5D9C00D310C1 /* NewEventView.swift */ = {isa = PBXFileReference; lastKnownFileType = sourcecode.swift; path = NewEventView.swift; sourceTree = "<group>"; };
		B33304BF254F8B5A00D310C1 /* EventTabView.swift */ = {isa = PBXFileReference; lastKnownFileType = sourcecode.swift; path = EventTabView.swift; sourceTree = "<group>"; };
		B35CC3462561A50D000FC9F2 /* Event.swift */ = {isa = PBXFileReference; lastKnownFileType = sourcecode.swift; path = Event.swift; sourceTree = "<group>"; };
/* End PBXFileReference section */

/* Begin PBXFrameworksBuildPhase section */
		B3330486254F4DA500D310C1 /* Frameworks */ = {
			isa = PBXFrameworksBuildPhase;
			buildActionMask = 2147483647;
			files = (
			);
			runOnlyForDeploymentPostprocessing = 0;
		};
		B333049C254F4DA800D310C1 /* Frameworks */ = {
			isa = PBXFrameworksBuildPhase;
			buildActionMask = 2147483647;
			files = (
			);
			runOnlyForDeploymentPostprocessing = 0;
		};
		B33304A7254F4DA800D310C1 /* Frameworks */ = {
			isa = PBXFrameworksBuildPhase;
			buildActionMask = 2147483647;
			files = (
			);
			runOnlyForDeploymentPostprocessing = 0;
		};
/* End PBXFrameworksBuildPhase section */

/* Begin PBXGroup section */
		B3330480254F4DA500D310C1 = {
			isa = PBXGroup;
			children = (
				B333048B254F4DA500D310C1 /* iSwear */,
				B33304A2254F4DA800D310C1 /* iSwearTests */,
				B33304AD254F4DA800D310C1 /* iSwearUITests */,
				B333048A254F4DA500D310C1 /* Products */,
			);
			sourceTree = "<group>";
		};
		B333048A254F4DA500D310C1 /* Products */ = {
			isa = PBXGroup;
			children = (
				B3330489254F4DA500D310C1 /* iSwear.app */,
				B333049F254F4DA800D310C1 /* iSwearTests.xctest */,
				B33304AA254F4DA800D310C1 /* iSwearUITests.xctest */,
			);
			name = Products;
			sourceTree = "<group>";
		};
		B333048B254F4DA500D310C1 /* iSwear */ = {
			isa = PBXGroup;
			children = (
				B35CC3452561A485000FC9F2 /* Model */,
				B33304BE254F5DA300D310C1 /* View */,
				B333048C254F4DA500D310C1 /* AppDelegate.swift */,
				B333048E254F4DA500D310C1 /* SceneDelegate.swift */,
				B3330492254F4DA800D310C1 /* Assets.xcassets */,
				B3330497254F4DA800D310C1 /* LaunchScreen.storyboard */,
				B333049A254F4DA800D310C1 /* Info.plist */,
				B3330494254F4DA800D310C1 /* Preview Content */,
			);
			path = iSwear;
			sourceTree = "<group>";
		};
		B3330494254F4DA800D310C1 /* Preview Content */ = {
			isa = PBXGroup;
			children = (
				B3330495254F4DA800D310C1 /* Preview Assets.xcassets */,
			);
			path = "Preview Content";
			sourceTree = "<group>";
		};
		B33304A2254F4DA800D310C1 /* iSwearTests */ = {
			isa = PBXGroup;
			children = (
				B33304A3254F4DA800D310C1 /* iSwearTests.swift */,
				B33304A5254F4DA800D310C1 /* Info.plist */,
			);
			path = iSwearTests;
			sourceTree = "<group>";
		};
		B33304AD254F4DA800D310C1 /* iSwearUITests */ = {
			isa = PBXGroup;
			children = (
				B33304AE254F4DA800D310C1 /* iSwearUITests.swift */,
				B33304B0254F4DA800D310C1 /* Info.plist */,
			);
			path = iSwearUITests;
			sourceTree = "<group>";
		};
		B33304BE254F5DA300D310C1 /* View */ = {
			isa = PBXGroup;
			children = (
				B33304BF254F8B5A00D310C1 /* EventTabView.swift */,
				B3330490254F4DA500D310C1 /* EventTypeView.swift */,
				B33304BC254F5D9C00D310C1 /* NewEventView.swift */,
			);
			path = View;
			sourceTree = "<group>";
		};
		B35CC3452561A485000FC9F2 /* Model */ = {
			isa = PBXGroup;
			children = (
				B35CC3462561A50D000FC9F2 /* Event.swift */,
			);
			path = Model;
			sourceTree = "<group>";
		};
/* End PBXGroup section */

/* Begin PBXNativeTarget section */
		B3330488254F4DA500D310C1 /* iSwear */ = {
			isa = PBXNativeTarget;
			buildConfigurationList = B33304B3254F4DA800D310C1 /* Build configuration list for PBXNativeTarget "iSwear" */;
			buildPhases = (
				B3330485254F4DA500D310C1 /* Sources */,
				B3330486254F4DA500D310C1 /* Frameworks */,
				B3330487254F4DA500D310C1 /* Resources */,
			);
			buildRules = (
			);
			dependencies = (
			);
			name = iSwear;
			productName = iSwear;
			productReference = B3330489254F4DA500D310C1 /* iSwear.app */;
			productType = "com.apple.product-type.application";
		};
		B333049E254F4DA800D310C1 /* iSwearTests */ = {
			isa = PBXNativeTarget;
			buildConfigurationList = B33304B6254F4DA800D310C1 /* Build configuration list for PBXNativeTarget "iSwearTests" */;
			buildPhases = (
				B333049B254F4DA800D310C1 /* Sources */,
				B333049C254F4DA800D310C1 /* Frameworks */,
				B333049D254F4DA800D310C1 /* Resources */,
			);
			buildRules = (
			);
			dependencies = (
				B33304A1254F4DA800D310C1 /* PBXTargetDependency */,
			);
			name = iSwearTests;
			productName = iSwearTests;
			productReference = B333049F254F4DA800D310C1 /* iSwearTests.xctest */;
			productType = "com.apple.product-type.bundle.unit-test";
		};
		B33304A9254F4DA800D310C1 /* iSwearUITests */ = {
			isa = PBXNativeTarget;
			buildConfigurationList = B33304B9254F4DA800D310C1 /* Build configuration list for PBXNativeTarget "iSwearUITests" */;
			buildPhases = (
				B33304A6254F4DA800D310C1 /* Sources */,
				B33304A7254F4DA800D310C1 /* Frameworks */,
				B33304A8254F4DA800D310C1 /* Resources */,
			);
			buildRules = (
			);
			dependencies = (
				B33304AC254F4DA800D310C1 /* PBXTargetDependency */,
			);
			name = iSwearUITests;
			productName = iSwearUITests;
			productReference = B33304AA254F4DA800D310C1 /* iSwearUITests.xctest */;
			productType = "com.apple.product-type.bundle.ui-testing";
		};
/* End PBXNativeTarget section */

/* Begin PBXProject section */
		B3330481254F4DA500D310C1 /* Project object */ = {
			isa = PBXProject;
			attributes = {
				LastSwiftUpdateCheck = 1150;
				LastUpgradeCheck = 1150;
				ORGANIZATIONNAME = "Super Art Software";
				TargetAttributes = {
					B3330488254F4DA500D310C1 = {
						CreatedOnToolsVersion = 11.5;
					};
					B333049E254F4DA800D310C1 = {
						CreatedOnToolsVersion = 11.5;
						TestTargetID = B3330488254F4DA500D310C1;
					};
					B33304A9254F4DA800D310C1 = {
						CreatedOnToolsVersion = 11.5;
						TestTargetID = B3330488254F4DA500D310C1;
					};
				};
			};
			buildConfigurationList = B3330484254F4DA500D310C1 /* Build configuration list for PBXProject "iSwear" */;
			compatibilityVersion = "Xcode 9.3";
			developmentRegion = en;
			hasScannedForEncodings = 0;
			knownRegions = (
				en,
				Base,
			);
			mainGroup = B3330480254F4DA500D310C1;
			productRefGroup = B333048A254F4DA500D310C1 /* Products */;
			projectDirPath = "";
			projectRoot = "";
			targets = (
				B3330488254F4DA500D310C1 /* iSwear */,
				B333049E254F4DA800D310C1 /* iSwearTests */,
				B33304A9254F4DA800D310C1 /* iSwearUITests */,
			);
		};
/* End PBXProject section */

/* Begin PBXResourcesBuildPhase section */
		B3330487254F4DA500D310C1 /* Resources */ = {
			isa = PBXResourcesBuildPhase;
			buildActionMask = 2147483647;
			files = (
				B3330499254F4DA800D310C1 /* LaunchScreen.storyboard in Resources */,
				B3330496254F4DA800D310C1 /* Preview Assets.xcassets in Resources */,
				B3330493254F4DA800D310C1 /* Assets.xcassets in Resources */,
			);
			runOnlyForDeploymentPostprocessing = 0;
		};
		B333049D254F4DA800D310C1 /* Resources */ = {
			isa = PBXResourcesBuildPhase;
			buildActionMask = 2147483647;
			files = (
			);
			runOnlyForDeploymentPostprocessing = 0;
		};
		B33304A8254F4DA800D310C1 /* Resources */ = {
			isa = PBXResourcesBuildPhase;
			buildActionMask = 2147483647;
			files = (
			);
			runOnlyForDeploymentPostprocessing = 0;
		};
/* End PBXResourcesBuildPhase section */

/* Begin PBXSourcesBuildPhase section */
		B3330485254F4DA500D310C1 /* Sources */ = {
			isa = PBXSourcesBuildPhase;
			buildActionMask = 2147483647;
			files = (
				B33304BD254F5D9C00D310C1 /* NewEventView.swift in Sources */,
				B333048D254F4DA500D310C1 /* AppDelegate.swift in Sources */,
				B333048F254F4DA500D310C1 /* SceneDelegate.swift in Sources */,
				B3330491254F4DA500D310C1 /* EventTypeView.swift in Sources */,
				B35CC3472561A50E000FC9F2 /* Event.swift in Sources */,
				B33304C0254F8B5A00D310C1 /* EventTabView.swift in Sources */,
			);
			runOnlyForDeploymentPostprocessing = 0;
		};
		B333049B254F4DA800D310C1 /* Sources */ = {
			isa = PBXSourcesBuildPhase;
			buildActionMask = 2147483647;
			files = (
				B33304A4254F4DA800D310C1 /* iSwearTests.swift in Sources */,
			);
			runOnlyForDeploymentPostprocessing = 0;
		};
		B33304A6254F4DA800D310C1 /* Sources */ = {
			isa = PBXSourcesBuildPhase;
			buildActionMask = 2147483647;
			files = (
				B33304AF254F4DA800D310C1 /* iSwearUITests.swift in Sources */,
			);
			runOnlyForDeploymentPostprocessing = 0;
		};
/* End PBXSourcesBuildPhase section */

/* Begin PBXTargetDependency section */
		B33304A1254F4DA800D310C1 /* PBXTargetDependency */ = {
			isa = PBXTargetDependency;
			target = B3330488254F4DA500D310C1 /* iSwear */;
			targetProxy = B33304A0254F4DA800D310C1 /* PBXContainerItemProxy */;
		};
		B33304AC254F4DA800D310C1 /* PBXTargetDependency */ = {
			isa = PBXTargetDependency;
			target = B3330488254F4DA500D310C1 /* iSwear */;
			targetProxy = B33304AB254F4DA800D310C1 /* PBXContainerItemProxy */;
		};
/* End PBXTargetDependency section */

/* Begin PBXVariantGroup section */
		B3330497254F4DA800D310C1 /* LaunchScreen.storyboard */ = {
			isa = PBXVariantGroup;
			children = (
				B3330498254F4DA800D310C1 /* Base */,
			);
			name = LaunchScreen.storyboard;
			sourceTree = "<group>";
		};
/* End PBXVariantGroup section */

/* Begin XCBuildConfiguration section */
		B33304B1254F4DA800D310C1 /* Debug */ = {
			isa = XCBuildConfiguration;
			buildSettings = {
				ALWAYS_SEARCH_USER_PATHS = NO;
				CLANG_ANALYZER_NONNULL = YES;
				CLANG_ANALYZER_NUMBER_OBJECT_CONVERSION = YES_AGGRESSIVE;
				CLANG_CXX_LANGUAGE_STANDARD = "gnu++14";
				CLANG_CXX_LIBRARY = "libc++";
				CLANG_ENABLE_MODULES = YES;
				CLANG_ENABLE_OBJC_ARC = YES;
				CLANG_ENABLE_OBJC_WEAK = YES;
				CLANG_WARN_BLOCK_CAPTURE_AUTORELEASING = YES;
				CLANG_WARN_BOOL_CONVERSION = YES;
				CLANG_WARN_COMMA = YES;
				CLANG_WARN_CONSTANT_CONVERSION = YES;
				CLANG_WARN_DEPRECATED_OBJC_IMPLEMENTATIONS = YES;
				CLANG_WARN_DIRECT_OBJC_ISA_USAGE = YES_ERROR;
				CLANG_WARN_DOCUMENTATION_COMMENTS = YES;
				CLANG_WARN_EMPTY_BODY = YES;
				CLANG_WARN_ENUM_CONVERSION = YES;
				CLANG_WARN_INFINITE_RECURSION = YES;
				CLANG_WARN_INT_CONVERSION = YES;
				CLANG_WARN_NON_LITERAL_NULL_CONVERSION = YES;
				CLANG_WARN_OBJC_IMPLICIT_RETAIN_SELF = YES;
				CLANG_WARN_OBJC_LITERAL_CONVERSION = YES;
				CLANG_WARN_OBJC_ROOT_CLASS = YES_ERROR;
				CLANG_WARN_RANGE_LOOP_ANALYSIS = YES;
				CLANG_WARN_STRICT_PROTOTYPES = YES;
				CLANG_WARN_SUSPICIOUS_MOVE = YES;
				CLANG_WARN_UNGUARDED_AVAILABILITY = YES_AGGRESSIVE;
				CLANG_WARN_UNREACHABLE_CODE = YES;
				CLANG_WARN__DUPLICATE_METHOD_MATCH = YES;
				COPY_PHASE_STRIP = NO;
				DEBUG_INFORMATION_FORMAT = dwarf;
				ENABLE_STRICT_OBJC_MSGSEND = YES;
				ENABLE_TESTABILITY = YES;
				GCC_C_LANGUAGE_STANDARD = gnu11;
				GCC_DYNAMIC_NO_PIC = NO;
				GCC_NO_COMMON_BLOCKS = YES;
				GCC_OPTIMIZATION_LEVEL = 0;
				GCC_PREPROCESSOR_DEFINITIONS = (
					"DEBUG=1",
					"$(inherited)",
				);
				GCC_WARN_64_TO_32_BIT_CONVERSION = YES;
				GCC_WARN_ABOUT_RETURN_TYPE = YES_ERROR;
				GCC_WARN_UNDECLARED_SELECTOR = YES;
				GCC_WARN_UNINITIALIZED_AUTOS = YES_AGGRESSIVE;
				GCC_WARN_UNUSED_FUNCTION = YES;
				GCC_WARN_UNUSED_VARIABLE = YES;
				IPHONEOS_DEPLOYMENT_TARGET = 13.5;
				MTL_ENABLE_DEBUG_INFO = INCLUDE_SOURCE;
				MTL_FAST_MATH = YES;
				ONLY_ACTIVE_ARCH = YES;
				SDKROOT = iphoneos;
				SWIFT_ACTIVE_COMPILATION_CONDITIONS = DEBUG;
				SWIFT_OPTIMIZATION_LEVEL = "-Onone";
			};
			name = Debug;
		};
		B33304B2254F4DA800D310C1 /* Release */ = {
			isa = XCBuildConfiguration;
			buildSettings = {
				ALWAYS_SEARCH_USER_PATHS = NO;
				CLANG_ANALYZER_NONNULL = YES;
				CLANG_ANALYZER_NUMBER_OBJECT_CONVERSION = YES_AGGRESSIVE;
				CLANG_CXX_LANGUAGE_STANDARD = "gnu++14";
				CLANG_CXX_LIBRARY = "libc++";
				CLANG_ENABLE_MODULES = YES;
				CLANG_ENABLE_OBJC_ARC = YES;
				CLANG_ENABLE_OBJC_WEAK = YES;
				CLANG_WARN_BLOCK_CAPTURE_AUTORELEASING = YES;
				CLANG_WARN_BOOL_CONVERSION = YES;
				CLANG_WARN_COMMA = YES;
				CLANG_WARN_CONSTANT_CONVERSION = YES;
				CLANG_WARN_DEPRECATED_OBJC_IMPLEMENTATIONS = YES;
				CLANG_WARN_DIRECT_OBJC_ISA_USAGE = YES_ERROR;
				CLANG_WARN_DOCUMENTATION_COMMENTS = YES;
				CLANG_WARN_EMPTY_BODY = YES;
				CLANG_WARN_ENUM_CONVERSION = YES;
				CLANG_WARN_INFINITE_RECURSION = YES;
				CLANG_WARN_INT_CONVERSION = YES;
				CLANG_WARN_NON_LITERAL_NULL_CONVERSION = YES;
				CLANG_WARN_OBJC_IMPLICIT_RETAIN_SELF = YES;
				CLANG_WARN_OBJC_LITERAL_CONVERSION = YES;
				CLANG_WARN_OBJC_ROOT_CLASS = YES_ERROR;
				CLANG_WARN_RANGE_LOOP_ANALYSIS = YES;
				CLANG_WARN_STRICT_PROTOTYPES = YES;
				CLANG_WARN_SUSPICIOUS_MOVE = YES;
				CLANG_WARN_UNGUARDED_AVAILABILITY = YES_AGGRESSIVE;
				CLANG_WARN_UNREACHABLE_CODE = YES;
				CLANG_WARN__DUPLICATE_METHOD_MATCH = YES;
				COPY_PHASE_STRIP = NO;
				DEBUG_INFORMATION_FORMAT = "dwarf-with-dsym";
				ENABLE_NS_ASSERTIONS = NO;
				ENABLE_STRICT_OBJC_MSGSEND = YES;
				GCC_C_LANGUAGE_STANDARD = gnu11;
				GCC_NO_COMMON_BLOCKS = YES;
				GCC_WARN_64_TO_32_BIT_CONVERSION = YES;
				GCC_WARN_ABOUT_RETURN_TYPE = YES_ERROR;
				GCC_WARN_UNDECLARED_SELECTOR = YES;
				GCC_WARN_UNINITIALIZED_AUTOS = YES_AGGRESSIVE;
				GCC_WARN_UNUSED_FUNCTION = YES;
				GCC_WARN_UNUSED_VARIABLE = YES;
				IPHONEOS_DEPLOYMENT_TARGET = 13.5;
				MTL_ENABLE_DEBUG_INFO = NO;
				MTL_FAST_MATH = YES;
				SDKROOT = iphoneos;
				SWIFT_COMPILATION_MODE = wholemodule;
				SWIFT_OPTIMIZATION_LEVEL = "-O";
				VALIDATE_PRODUCT = YES;
			};
			name = Release;
		};
		B33304B4254F4DA800D310C1 /* Debug */ = {
			isa = XCBuildConfiguration;
			buildSettings = {
				ASSETCATALOG_COMPILER_APPICON_NAME = AppIcon;
				CODE_SIGN_STYLE = Automatic;
				DEVELOPMENT_ASSET_PATHS = "\"iSwear/Preview Content\"";
				DEVELOPMENT_TEAM = AKGR9TT483;
				ENABLE_PREVIEWS = YES;
				INFOPLIST_FILE = iSwear/Info.plist;
				LD_RUNPATH_SEARCH_PATHS = (
					"$(inherited)",
					"@executable_path/Frameworks",
				);
				PRODUCT_BUNDLE_IDENTIFIER = org.superarts.iSwear;
				PRODUCT_NAME = "$(TARGET_NAME)";
				SWIFT_VERSION = 5.0;
				TARGETED_DEVICE_FAMILY = "1,2";
			};
			name = Debug;
		};
		B33304B5254F4DA800D310C1 /* Release */ = {
			isa = XCBuildConfiguration;
			buildSettings = {
				ASSETCATALOG_COMPILER_APPICON_NAME = AppIcon;
				CODE_SIGN_STYLE = Automatic;
				DEVELOPMENT_ASSET_PATHS = "\"iSwear/Preview Content\"";
				DEVELOPMENT_TEAM = AKGR9TT483;
				ENABLE_PREVIEWS = YES;
				INFOPLIST_FILE = iSwear/Info.plist;
				LD_RUNPATH_SEARCH_PATHS = (
					"$(inherited)",
					"@executable_path/Frameworks",
				);
				PRODUCT_BUNDLE_IDENTIFIER = org.superarts.iSwear;
				PRODUCT_NAME = "$(TARGET_NAME)";
				SWIFT_VERSION = 5.0;
				TARGETED_DEVICE_FAMILY = "1,2";
			};
			name = Release;
		};
		B33304B7254F4DA800D310C1 /* Debug */ = {
			isa = XCBuildConfiguration;
			buildSettings = {
				ALWAYS_EMBED_SWIFT_STANDARD_LIBRARIES = YES;
				BUNDLE_LOADER = "$(TEST_HOST)";
				CODE_SIGN_STYLE = Automatic;
				DEVELOPMENT_TEAM = AKGR9TT483;
				INFOPLIST_FILE = iSwearTests/Info.plist;
				IPHONEOS_DEPLOYMENT_TARGET = 13.5;
				LD_RUNPATH_SEARCH_PATHS = (
					"$(inherited)",
					"@executable_path/Frameworks",
					"@loader_path/Frameworks",
				);
				PRODUCT_BUNDLE_IDENTIFIER = org.superarts.iSwearTests;
				PRODUCT_NAME = "$(TARGET_NAME)";
				SWIFT_VERSION = 5.0;
				TARGETED_DEVICE_FAMILY = "1,2";
				TEST_HOST = "$(BUILT_PRODUCTS_DIR)/iSwear.app/iSwear";
			};
			name = Debug;
		};
		B33304B8254F4DA800D310C1 /* Release */ = {
			isa = XCBuildConfiguration;
			buildSettings = {
				ALWAYS_EMBED_SWIFT_STANDARD_LIBRARIES = YES;
				BUNDLE_LOADER = "$(TEST_HOST)";
				CODE_SIGN_STYLE = Automatic;
				DEVELOPMENT_TEAM = AKGR9TT483;
				INFOPLIST_FILE = iSwearTests/Info.plist;
				IPHONEOS_DEPLOYMENT_TARGET = 13.5;
				LD_RUNPATH_SEARCH_PATHS = (
					"$(inherited)",
					"@executable_path/Frameworks",
					"@loader_path/Frameworks",
				);
				PRODUCT_BUNDLE_IDENTIFIER = org.superarts.iSwearTests;
				PRODUCT_NAME = "$(TARGET_NAME)";
				SWIFT_VERSION = 5.0;
				TARGETED_DEVICE_FAMILY = "1,2";
				TEST_HOST = "$(BUILT_PRODUCTS_DIR)/iSwear.app/iSwear";
			};
			name = Release;
		};
		B33304BA254F4DA800D310C1 /* Debug */ = {
			isa = XCBuildConfiguration;
			buildSettings = {
				ALWAYS_EMBED_SWIFT_STANDARD_LIBRARIES = YES;
				CODE_SIGN_STYLE = Automatic;
				DEVELOPMENT_TEAM = AKGR9TT483;
				INFOPLIST_FILE = iSwearUITests/Info.plist;
				LD_RUNPATH_SEARCH_PATHS = (
					"$(inherited)",
					"@executable_path/Frameworks",
					"@loader_path/Frameworks",
				);
				PRODUCT_BUNDLE_IDENTIFIER = org.superarts.iSwearUITests;
				PRODUCT_NAME = "$(TARGET_NAME)";
				SWIFT_VERSION = 5.0;
				TARGETED_DEVICE_FAMILY = "1,2";
				TEST_TARGET_NAME = iSwear;
			};
			name = Debug;
		};
		B33304BB254F4DA800D310C1 /* Release */ = {
			isa = XCBuildConfiguration;
			buildSettings = {
				ALWAYS_EMBED_SWIFT_STANDARD_LIBRARIES = YES;
				CODE_SIGN_STYLE = Automatic;
				DEVELOPMENT_TEAM = AKGR9TT483;
				INFOPLIST_FILE = iSwearUITests/Info.plist;
				LD_RUNPATH_SEARCH_PATHS = (
					"$(inherited)",
					"@executable_path/Frameworks",
					"@loader_path/Frameworks",
				);
				PRODUCT_BUNDLE_IDENTIFIER = org.superarts.iSwearUITests;
				PRODUCT_NAME = "$(TARGET_NAME)";
				SWIFT_VERSION = 5.0;
				TARGETED_DEVICE_FAMILY = "1,2";
				TEST_TARGET_NAME = iSwear;
			};
			name = Release;
		};
/* End XCBuildConfiguration section */

/* Begin XCConfigurationList section */
		B3330484254F4DA500D310C1 /* Build configuration list for PBXProject "iSwear" */ = {
			isa = XCConfigurationList;
			buildConfigurations = (
				B33304B1254F4DA800D310C1 /* Debug */,
				B33304B2254F4DA800D310C1 /* Release */,
			);
			defaultConfigurationIsVisible = 0;
			defaultConfigurationName = Release;
		};
		B33304B3254F4DA800D310C1 /* Build configuration list for PBXNativeTarget "iSwear" */ = {
			isa = XCConfigurationList;
			buildConfigurations = (
				B33304B4254F4DA800D310C1 /* Debug */,
				B33304B5254F4DA800D310C1 /* Release */,
			);
			defaultConfigurationIsVisible = 0;
			defaultConfigurationName = Release;
		};
		B33304B6254F4DA800D310C1 /* Build configuration list for PBXNativeTarget "iSwearTests" */ = {
			isa = XCConfigurationList;
			buildConfigurations = (
				B33304B7254F4DA800D310C1 /* Debug */,
				B33304B8254F4DA800D310C1 /* Release */,
			);
			defaultConfigurationIsVisible = 0;
			defaultConfigurationName = Release;
		};
		B33304B9254F4DA800D310C1 /* Build configuration list for PBXNativeTarget "iSwearUITests" */ = {
			isa = XCConfigurationList;
			buildConfigurations = (
				B33304BA254F4DA800D310C1 /* Debug */,
				B33304BB254F4DA800D310C1 /* Release */,
			);
			defaultConfigurationIsVisible = 0;
			defaultConfigurationName = Release;
		};
/* End XCConfigurationList section */
	};
	rootObject = B3330481254F4DA500D310C1 /* Project object */;
}
